{
  "name": "textredability",
  "version": "1.0.0",
  "lockfileVersion": 3,
  "requires": true,
  "packages": {
    "": {
      "name": "textredability",
      "version": "1.0.0",
      "license": "ISC",
      "dependencies": {
        "readline": "^1.3.0",
        "text-readability": "^1.1.0",
        "text-readability-ts": "^1.0.11"
      }
    },
    "node_modules/@types/pluralize": {
      "version": "0.0.33",
      "resolved": "https://registry.npmjs.org/@types/pluralize/-/pluralize-0.0.33.tgz",
      "integrity": "sha512-JOqsl+ZoCpP4e8TDke9W79FDcSgPAR0l6pixx2JHkhnRjvShyYiAYw2LVsnA7K08Y6DeOnaU6ujmENO4os/cYg=="
    },
    "node_modules/normalize-strings": {
      "version": "1.1.1",
      "resolved": "https://registry.npmjs.org/normalize-strings/-/normalize-strings-1.1.1.tgz",
      "integrity": "sha512-fARPRdTwmrQDLYhmeh7j/eZwrCP6WzxD6uKOdK/hT/uKACAE9AG2Bc2dgqOZLkfmmctHpfcJ9w3AQnfLgg3GYg=="
    },
    "node_modules/pluralize": {
      "version": "8.0.0",
      "resolved": "https://registry.npmjs.org/pluralize/-/pluralize-8.0.0.tgz",
      "integrity": "sha512-Nc3IT5yHzflTfbjgqWcCPpo7DaKy4FnpB0l/zCAW0Tc7jxAiuqSxHasntB3D7887LSrA93kDJ9IXovxJYxyLCA==",
      "engines": {
        "node": ">=4"
      }
    },
    "node_modules/readline": {
      "version": "1.3.0",
      "resolved": "https://registry.npmjs.org/readline/-/readline-1.3.0.tgz",
      "integrity": "sha512-k2d6ACCkiNYz222Fs/iNze30rRJ1iIicW7JuX/7/cozvih6YCkFZH+J6mAFDVgv0dRBaAyr4jDqC95R2y4IADg=="
    },
    "node_modules/syllable": {
      "version": "5.0.1",
      "resolved": "https://registry.npmjs.org/syllable/-/syllable-5.0.1.tgz",
      "integrity": "sha512-HWtNCp6v7J8H0lrT8j1HHjfOLltRoDcC7QRFVu25p4BE52JqetXG65nqC7CsatT8WQRfY4Qvh93BWJIUxbmXFg==",
      "dependencies": {
        "@types/pluralize": "^0.0.29",
        "normalize-strings": "^1.1.0",
        "pluralize": "^8.0.0"
      },
      "bin": {
        "syllable": "cli.js"
      },
      "funding": {
        "type": "github",
        "url": "https://github.com/sponsors/wooorm"
      }
    },
    "node_modules/syllable/node_modules/@types/pluralize": {
      "version": "0.0.29",
      "resolved": "https://registry.npmjs.org/@types/pluralize/-/pluralize-0.0.29.tgz",
      "integrity": "sha512-BYOID+l2Aco2nBik+iYS4SZX0Lf20KPILP5RGmM1IgzdwNdTs0eebiFriOPcej1sX9mLnSoiNte5zcFxssgpGA=="
    },
    "node_modules/text-readability": {
      "version": "1.1.0",
      "resolved": "https://registry.npmjs.org/text-readability/-/text-readability-1.1.0.tgz",
      "integrity": "sha512-I1kqUJX8nJwzCvCZSV945sjisi4NBnwZ5iwzzdsRXbqH8fKqhjwZMGdBm01UMb1K1EWrJ7jFozjXUobs7JZA6g==",
      "dependencies": {
        "pluralize": "^8.0.0",
        "syllable": "^5.0.1"
      }
    },
    "node_modules/text-readability-ts": {
      "version": "1.0.11",
      "resolved": "https://registry.npmjs.org/text-readability-ts/-/text-readability-ts-1.0.11.tgz",
      "integrity": "sha512-Th1E5S5gu7K0Sg4XQiE1sr6oXOBmAvrWTl1wVxEttS4BycV2ArGf8I1M6RxkA5cQtTkn7xa1afUYzvOym3ynBg==",
      "dependencies": {
        "@types/pluralize": "^0.0.33",
        "pluralize": "^8.0.0"
      }
    }
  }
}
